
Microsoft Visual Studio Solution File, Format Version 12.00
# Visual Studio Version 17
VisualStudioVersion = 17.5.33530.505
MinimumVisualStudioVersion = 10.0.40219.1
Project("{FAE04EC0-301F-11D3-BF4B-00C04F79EFBC}") = "AirplaneTimetable", "AirplaneTimetable\AirplaneTimetable.csproj", "{A2DFCC52-E1B6-46FC-A68E-19408AC1F8AD}"
EndProject
Project("{FAE04EC0-301F-11D3-BF4B-00C04F79EFBC}") = "bdgen", "bdgen\bdgen.csproj", "{0650BC06-6CBD-402A-971F-7AFD9F16270B}"
EndProject
Global
	GlobalSection(SolutionConfigurationPlatforms) = preSolution
		Debug|Any CPU = Debug|Any CPU
		Release|Any CPU = Release|Any CPU
	EndGlobalSection
	GlobalSection(ProjectConfigurationPlatforms) = postSolution
		{A2DFCC52-E1B6-46FC-A68E-19408AC1F8AD}.Debug|Any CPU.ActiveCfg = Debug|Any CPU
		{A2DFCC52-E1B6-46FC-A68E-19408AC1F8AD}.Debug|Any CPU.Build.0 = Debug|Any CPU
		{A2DFCC52-E1B6-46FC-A68E-19408AC1F8AD}.Release|Any CPU.ActiveCfg = Release|Any CPU
		{A2DFCC52-E1B6-46FC-A68E-19408AC1F8AD}.Release|Any CPU.Build.0 = Release|Any CPU
		{0650BC06-6CBD-402A-971F-7AFD9F16270B}.Debug|Any CPU.ActiveCfg = Debug|Any CPU
		{0650BC06-6CBD-402A-971F-7AFD9F16270B}.Debug|Any CPU.Build.0 = Debug|Any CPU
		{0650BC06-6CBD-402A-971F-7AFD9F16270B}.Release|Any CPU.ActiveCfg = Release|Any CPU
		{0650BC06-6CBD-402A-971F-7AFD9F16270B}.Release|Any CPU.Build.0 = Release|Any CPU
	EndGlobalSection
	GlobalSection(SolutionProperties) = preSolution
		HideSolutionNode = FALSE
	EndGlobalSection
	GlobalSection(ExtensibilityGlobals) = postSolution
		SolutionGuid = {16CB9AA9-8512-423C-A99C-5F940D981AAD}
	EndGlobalSection
EndGlobal
